// !$*UTF8*$!
{
	archiveVersion = 1;
	classes = {
	};
	objectVersion = 55;
	objects = {

/* Begin PBXBuildFile section */
		62CD697F27CDEC690040529A /* AppDelegate.swift in Sources */ = {isa = PBXBuildFile; fileRef = 62CD697E27CDEC690040529A /* AppDelegate.swift */; };
		62CD698127CDEC690040529A /* SceneDelegate.swift in Sources */ = {isa = PBXBuildFile; fileRef = 62CD698027CDEC690040529A /* SceneDelegate.swift */; };
		62CD698327CDEC690040529A /* ChatViewController.swift in Sources */ = {isa = PBXBuildFile; fileRef = 62CD698227CDEC690040529A /* ChatViewController.swift */; };
		62CD698627CDEC690040529A /* Main.storyboard in Resources */ = {isa = PBXBuildFile; fileRef = 62CD698427CDEC690040529A /* Main.storyboard */; };
		62CD698827CDEC6C0040529A /* Assets.xcassets in Resources */ = {isa = PBXBuildFile; fileRef = 62CD698727CDEC6C0040529A /* Assets.xcassets */; };
		62CD698B27CDEC6C0040529A /* LaunchScreen.storyboard in Resources */ = {isa = PBXBuildFile; fileRef = 62CD698927CDEC6C0040529A /* LaunchScreen.storyboard */; };
		62CD699427CDEC8E0040529A /* ChatScreen.xcdatamodeld in Sources */ = {isa = PBXBuildFile; fileRef = 62CD699227CDEC8E0040529A /* ChatScreen.xcdatamodeld */; };
		62CD699827CDED990040529A /* Message+CoreDataClass.swift in Sources */ = {isa = PBXBuildFile; fileRef = 62CD699627CDED990040529A /* Message+CoreDataClass.swift */; };
		62CD699927CDED990040529A /* Message+CoreDataProperties.swift in Sources */ = {isa = PBXBuildFile; fileRef = 62CD699727CDED990040529A /* Message+CoreDataProperties.swift */; };
		62CD69A027CDF3AA0040529A /* ChatViewModel.swift in Sources */ = {isa = PBXBuildFile; fileRef = 62CD699F27CDF3AA0040529A /* ChatViewModel.swift */; };
		62CD69A627CE49880040529A /* ChatCell.swift in Sources */ = {isa = PBXBuildFile; fileRef = 62CD69A527CE49880040529A /* ChatCell.swift */; };
		62CD69A927CE52DD0040529A /* UICollectionViewExtension.swift in Sources */ = {isa = PBXBuildFile; fileRef = 62CD69A827CE52DD0040529A /* UICollectionViewExtension.swift */; };
		62CD69AC27CFF4720040529A /* ZSPagingViewController.swift in Sources */ = {isa = PBXBuildFile; fileRef = 62CD69AB27CFF4720040529A /* ZSPagingViewController.swift */; };
/* End PBXBuildFile section */

/* Begin PBXFileReference section */
		62CD697B27CDEC690040529A /* ChatScreen.app */ = {isa = PBXFileReference; explicitFileType = wrapper.application; includeInIndex = 0; path = ChatScreen.app; sourceTree = BUILT_PRODUCTS_DIR; };
		62CD697E27CDEC690040529A /* AppDelegate.swift */ = {isa = PBXFileReference; lastKnownFileType = sourcecode.swift; path = AppDelegate.swift; sourceTree = "<group>"; };
		62CD698027CDEC690040529A /* SceneDelegate.swift */ = {isa = PBXFileReference; lastKnownFileType = sourcecode.swift; path = SceneDelegate.swift; sourceTree = "<group>"; };
		62CD698227CDEC690040529A /* ChatViewController.swift */ = {isa = PBXFileReference; lastKnownFileType = sourcecode.swift; path = ChatViewController.swift; sourceTree = "<group>"; };
		62CD698527CDEC690040529A /* Base */ = {isa = PBXFileReference; lastKnownFileType = file.storyboard; name = Base; path = Base.lproj/Main.storyboard; sourceTree = "<group>"; };
		62CD698727CDEC6C0040529A /* Assets.xcassets */ = {isa = PBXFileReference; lastKnownFileType = folder.assetcatalog; path = Assets.xcassets; sourceTree = "<group>"; };
		62CD698A27CDEC6C0040529A /* Base */ = {isa = PBXFileReference; lastKnownFileType = file.storyboard; name = Base; path = Base.lproj/LaunchScreen.storyboard; sourceTree = "<group>"; };
		62CD698C27CDEC6C0040529A /* Info.plist */ = {isa = PBXFileReference; lastKnownFileType = text.plist.xml; path = Info.plist; sourceTree = "<group>"; };
		62CD699327CDEC8E0040529A /* ChatScreen.xcdatamodel */ = {isa = PBXFileReference; lastKnownFileType = wrapper.xcdatamodel; path = ChatScreen.xcdatamodel; sourceTree = "<group>"; };
		62CD699627CDED990040529A /* Message+CoreDataClass.swift */ = {isa = PBXFileReference; lastKnownFileType = sourcecode.swift; path = "Message+CoreDataClass.swift"; sourceTree = "<group>"; };
		62CD699727CDED990040529A /* Message+CoreDataProperties.swift */ = {isa = PBXFileReference; lastKnownFileType = sourcecode.swift; path = "Message+CoreDataProperties.swift"; sourceTree = "<group>"; };
		62CD699F27CDF3AA0040529A /* ChatViewModel.swift */ = {isa = PBXFileReference; lastKnownFileType = sourcecode.swift; path = ChatViewModel.swift; sourceTree = "<group>"; };
		62CD69A527CE49880040529A /* ChatCell.swift */ = {isa = PBXFileReference; lastKnownFileType = sourcecode.swift; path = ChatCell.swift; sourceTree = "<group>"; };
		62CD69A827CE52DD0040529A /* UICollectionViewExtension.swift */ = {isa = PBXFileReference; lastKnownFileType = sourcecode.swift; path = UICollectionViewExtension.swift; sourceTree = "<group>"; };
		62CD69AB27CFF4720040529A /* ZSPagingViewController.swift */ = {isa = PBXFileReference; lastKnownFileType = sourcecode.swift; path = ZSPagingViewController.swift; sourceTree = "<group>"; };
/* End PBXFileReference section */

/* Begin PBXFrameworksBuildPhase section */
		62CD697827CDEC690040529A /* Frameworks */ = {
			isa = PBXFrameworksBuildPhase;
			buildActionMask = 2147483647;
			files = (
			);
			runOnlyForDeploymentPostprocessing = 0;
		};
/* End PBXFrameworksBuildPhase section */

/* Begin PBXGroup section */
		62CD697227CDEC690040529A = {
			isa = PBXGroup;
			children = (
				62CD697D27CDEC690040529A /* ChatScreen */,
				62CD697C27CDEC690040529A /* Products */,
			);
			sourceTree = "<group>";
		};
		62CD697C27CDEC690040529A /* Products */ = {
			isa = PBXGroup;
			children = (
				62CD697B27CDEC690040529A /* ChatScreen.app */,
			);
			name = Products;
			sourceTree = "<group>";
		};
		62CD697D27CDEC690040529A /* ChatScreen */ = {
			isa = PBXGroup;
			children = (
				62CD69A727CE52BC0040529A /* Extensions */,
				62CD69A127CDF4700040529A /* cells */,
				62CD699E27CDF3950040529A /* ViewModels */,
				62CD699A27CDEE1A0040529A /* ViewControllers */,
				62CD699527CDECED0040529A /* CoreData */,
				62CD697E27CDEC690040529A /* AppDelegate.swift */,
				62CD698027CDEC690040529A /* SceneDelegate.swift */,
				62CD698427CDEC690040529A /* Main.storyboard */,
				62CD698727CDEC6C0040529A /* Assets.xcassets */,
				62CD698927CDEC6C0040529A /* LaunchScreen.storyboard */,
				62CD698C27CDEC6C0040529A /* Info.plist */,
				62CD699227CDEC8E0040529A /* ChatScreen.xcdatamodeld */,
			);
			path = ChatScreen;
			sourceTree = "<group>";
		};
		62CD699527CDECED0040529A /* CoreData */ = {
			isa = PBXGroup;
			children = (
				62CD699627CDED990040529A /* Message+CoreDataClass.swift */,
				62CD699727CDED990040529A /* Message+CoreDataProperties.swift */,
			);
			path = CoreData;
			sourceTree = "<group>";
		};
		62CD699A27CDEE1A0040529A /* ViewControllers */ = {
			isa = PBXGroup;
			children = (
				62CD698227CDEC690040529A /* ChatViewController.swift */,
				62CD69AB27CFF4720040529A /* ZSPagingViewController.swift */,
			);
			path = ViewControllers;
			sourceTree = "<group>";
		};
		62CD699E27CDF3950040529A /* ViewModels */ = {
			isa = PBXGroup;
			children = (
				62CD699F27CDF3AA0040529A /* ChatViewModel.swift */,
			);
			path = ViewModels;
			sourceTree = "<group>";
		};
		62CD69A127CDF4700040529A /* cells */ = {
			isa = PBXGroup;
			children = (
				62CD69A527CE49880040529A /* ChatCell.swift */,
			);
			path = cells;
			sourceTree = "<group>";
		};
		62CD69A727CE52BC0040529A /* Extensions */ = {
			isa = PBXGroup;
			children = (
				62CD69A827CE52DD0040529A /* UICollectionViewExtension.swift */,
			);
			path = Extensions;
			sourceTree = "<group>";
		};
/* End PBXGroup section */

/* Begin PBXNativeTarget section */
		62CD697A27CDEC690040529A /* ChatScreen */ = {
			isa = PBXNativeTarget;
			buildConfigurationList = 62CD698F27CDEC6C0040529A /* Build configuration list for PBXNativeTarget "ChatScreen" */;
			buildPhases = (
				62CD697727CDEC690040529A /* Sources */,
				62CD697827CDEC690040529A /* Frameworks */,
				62CD697927CDEC690040529A /* Resources */,
			);
			buildRules = (
			);
			dependencies = (
			);
			name = ChatScreen;
			productName = ChatScreen;
			productReference = 62CD697B27CDEC690040529A /* ChatScreen.app */;
			productType = "com.apple.product-type.application";
		};
/* End PBXNativeTarget section */

/* Begin PBXProject section */
		62CD697327CDEC690040529A /* Project object */ = {
			isa = PBXProject;
			attributes = {
				BuildIndependentTargetsInParallel = 1;
				LastSwiftUpdateCheck = 1320;
				LastUpgradeCheck = 1320;
				TargetAttributes = {
					62CD697A27CDEC690040529A = {
						CreatedOnToolsVersion = 13.2.1;
					};
				};
			};
			buildConfigurationList = 62CD697627CDEC690040529A /* Build configuration list for PBXProject "ChatScreen" */;
			compatibilityVersion = "Xcode 13.0";
			developmentRegion = en;
			hasScannedForEncodings = 0;
			knownRegions = (
				en,
				Base,
			);
			mainGroup = 62CD697227CDEC690040529A;
			productRefGroup = 62CD697C27CDEC690040529A /* Products */;
			projectDirPath = "";
			projectRoot = "";
			targets = (
				62CD697A27CDEC690040529A /* ChatScreen */,
			);
		};
/* End PBXProject section */

/* Begin PBXResourcesBuildPhase section */
		62CD697927CDEC690040529A /* Resources */ = {
			isa = PBXResourcesBuildPhase;
			buildActionMask = 2147483647;
			files = (
				62CD698B27CDEC6C0040529A /* LaunchScreen.storyboard in Resources */,
				62CD698827CDEC6C0040529A /* Assets.xcassets in Resources */,
				62CD698627CDEC690040529A /* Main.storyboard in Resources */,
			);
			runOnlyForDeploymentPostprocessing = 0;
		};
/* End PBXResourcesBuildPhase section */

/* Begin PBXSourcesBuildPhase section */
		62CD697727CDEC690040529A /* Sources */ = {
			isa = PBXSourcesBuildPhase;
			buildActionMask = 2147483647;
			files = (
				62CD698327CDEC690040529A /* ChatViewController.swift in Sources */,
				62CD697F27CDEC690040529A /* AppDelegate.swift in Sources */,
				62CD69A627CE49880040529A /* ChatCell.swift in Sources */,
				62CD69A027CDF3AA0040529A /* ChatViewModel.swift in Sources */,
				62CD69A927CE52DD0040529A /* UICollectionViewExtension.swift in Sources */,
				62CD69AC27CFF4720040529A /* ZSPagingViewController.swift in Sources */,
				62CD698127CDEC690040529A /* SceneDelegate.swift in Sources */,
				62CD699927CDED990040529A /* Message+CoreDataProperties.swift in Sources */,
				62CD699427CDEC8E0040529A /* ChatScreen.xcdatamodeld in Sources */,
				62CD699827CDED990040529A /* Message+CoreDataClass.swift in Sources */,
			);
			runOnlyForDeploymentPostprocessing = 0;
		};
/* End PBXSourcesBuildPhase section */

/* Begin PBXVariantGroup section */
		62CD698427CDEC690040529A /* Main.storyboard */ = {
			isa = PBXVariantGroup;
			children = (
				62CD698527CDEC690040529A /* Base */,
			);
			name = Main.storyboard;
			sourceTree = "<group>";
		};
		62CD698927CDEC6C0040529A /* LaunchScreen.storyboard */ = {
			isa = PBXVariantGroup;
			children = (
				62CD698A27CDEC6C0040529A /* Base */,
			);
			name = LaunchScreen.storyboard;
			sourceTree = "<group>";
		};
/* End PBXVariantGroup section */

/* Begin XCBuildConfiguration section */
		62CD698D27CDEC6C0040529A /* Debug */ = {
			isa = XCBuildConfiguration;
			buildSettings = {
				ALWAYS_SEARCH_USER_PATHS = NO;
				CLANG_ANALYZER_NONNULL = YES;
				CLANG_ANALYZER_NUMBER_OBJECT_CONVERSION = YES_AGGRESSIVE;
				CLANG_CXX_LANGUAGE_STANDARD = "gnu++17";
				CLANG_CXX_LIBRARY = "libc++";
				CLANG_ENABLE_MODULES = YES;
				CLANG_ENABLE_OBJC_ARC = YES;
				CLANG_ENABLE_OBJC_WEAK = YES;
				CLANG_WARN_BLOCK_CAPTURE_AUTORELEASING = YES;
				CLANG_WARN_BOOL_CONVERSION = YES;
				CLANG_WARN_COMMA = YES;
				CLANG_WARN_CONSTANT_CONVERSION = YES;
				CLANG_WARN_DEPRECATED_OBJC_IMPLEMENTATIONS = YES;
				CLANG_WARN_DIRECT_OBJC_ISA_USAGE = YES_ERROR;
				CLANG_WARN_DOCUMENTATION_COMMENTS = YES;
				CLANG_WARN_EMPTY_BODY = YES;
				CLANG_WARN_ENUM_CONVERSION = YES;
				CLANG_WARN_INFINITE_RECURSION = YES;
				CLANG_WARN_INT_CONVERSION = YES;
				CLANG_WARN_NON_LITERAL_NULL_CONVERSION = YES;
				CLANG_WARN_OBJC_IMPLICIT_RETAIN_SELF = YES;
				CLANG_WARN_OBJC_LITERAL_CONVERSION = YES;
				CLANG_WARN_OBJC_ROOT_CLASS = YES_ERROR;
				CLANG_WARN_QUOTED_INCLUDE_IN_FRAMEWORK_HEADER = YES;
				CLANG_WARN_RANGE_LOOP_ANALYSIS = YES;
				CLANG_WARN_STRICT_PROTOTYPES = YES;
				CLANG_WARN_SUSPICIOUS_MOVE = YES;
				CLANG_WARN_UNGUARDED_AVAILABILITY = YES_AGGRESSIVE;
				CLANG_WARN_UNREACHABLE_CODE = YES;
				CLANG_WARN__DUPLICATE_METHOD_MATCH = YES;
				COPY_PHASE_STRIP = NO;
				DEBUG_INFORMATION_FORMAT = dwarf;
				ENABLE_STRICT_OBJC_MSGSEND = YES;
				ENABLE_TESTABILITY = YES;
				GCC_C_LANGUAGE_STANDARD = gnu11;
				GCC_DYNAMIC_NO_PIC = NO;
				GCC_NO_COMMON_BLOCKS = YES;
				GCC_OPTIMIZATION_LEVEL = 0;
				GCC_PREPROCESSOR_DEFINITIONS = (
					"DEBUG=1",
					"$(inherited)",
				);
				GCC_WARN_64_TO_32_BIT_CONVERSION = YES;
				GCC_WARN_ABOUT_RETURN_TYPE = YES_ERROR;
				GCC_WARN_UNDECLARED_SELECTOR = YES;
				GCC_WARN_UNINITIALIZED_AUTOS = YES_AGGRESSIVE;
				GCC_WARN_UNUSED_FUNCTION = YES;
				GCC_WARN_UNUSED_VARIABLE = YES;
				IPHONEOS_DEPLOYMENT_TARGET = 15.2;
				MTL_ENABLE_DEBUG_INFO = INCLUDE_SOURCE;
				MTL_FAST_MATH = YES;
				ONLY_ACTIVE_ARCH = YES;
				SDKROOT = iphoneos;
				SWIFT_ACTIVE_COMPILATION_CONDITIONS = DEBUG;
				SWIFT_OPTIMIZATION_LEVEL = "-Onone";
			};
			name = Debug;
		};
		62CD698E27CDEC6C0040529A /* Release */ = {
			isa = XCBuildConfiguration;
			buildSettings = {
				ALWAYS_SEARCH_USER_PATHS = NO;
				CLANG_ANALYZER_NONNULL = YES;
				CLANG_ANALYZER_NUMBER_OBJECT_CONVERSION = YES_AGGRESSIVE;
				CLANG_CXX_LANGUAGE_STANDARD = "gnu++17";
				CLANG_CXX_LIBRARY = "libc++";
				CLANG_ENABLE_MODULES = YES;
				CLANG_ENABLE_OBJC_ARC = YES;
				CLANG_ENABLE_OBJC_WEAK = YES;
				CLANG_WARN_BLOCK_CAPTURE_AUTORELEASING = YES;
				CLANG_WARN_BOOL_CONVERSION = YES;
				CLANG_WARN_COMMA = YES;
				CLANG_WARN_CONSTANT_CONVERSION = YES;
				CLANG_WARN_DEPRECATED_OBJC_IMPLEMENTATIONS = YES;
				CLANG_WARN_DIRECT_OBJC_ISA_USAGE = YES_ERROR;
				CLANG_WARN_DOCUMENTATION_COMMENTS = YES;
				CLANG_WARN_EMPTY_BODY = YES;
				CLANG_WARN_ENUM_CONVERSION = YES;
				CLANG_WARN_INFINITE_RECURSION = YES;
				CLANG_WARN_INT_CONVERSION = YES;
				CLANG_WARN_NON_LITERAL_NULL_CONVERSION = YES;
				CLANG_WARN_OBJC_IMPLICIT_RETAIN_SELF = YES;
				CLANG_WARN_OBJC_LITERAL_CONVERSION = YES;
				CLANG_WARN_OBJC_ROOT_CLASS = YES_ERROR;
				CLANG_WARN_QUOTED_INCLUDE_IN_FRAMEWORK_HEADER = YES;
				CLANG_WARN_RANGE_LOOP_ANALYSIS = YES;
				CLANG_WARN_STRICT_PROTOTYPES = YES;
				CLANG_WARN_SUSPICIOUS_MOVE = YES;
				CLANG_WARN_UNGUARDED_AVAILABILITY = YES_AGGRESSIVE;
				CLANG_WARN_UNREACHABLE_CODE = YES;
				CLANG_WARN__DUPLICATE_METHOD_MATCH = YES;
				COPY_PHASE_STRIP = NO;
				DEBUG_INFORMATION_FORMAT = "dwarf-with-dsym";
				ENABLE_NS_ASSERTIONS = NO;
				ENABLE_STRICT_OBJC_MSGSEND = YES;
				GCC_C_LANGUAGE_STANDARD = gnu11;
				GCC_NO_COMMON_BLOCKS = YES;
				GCC_WARN_64_TO_32_BIT_CONVERSION = YES;
				GCC_WARN_ABOUT_RETURN_TYPE = YES_ERROR;
				GCC_WARN_UNDECLARED_SELECTOR = YES;
				GCC_WARN_UNINITIALIZED_AUTOS = YES_AGGRESSIVE;
				GCC_WARN_UNUSED_FUNCTION = YES;
				GCC_WARN_UNUSED_VARIABLE = YES;
				IPHONEOS_DEPLOYMENT_TARGET = 15.2;
				MTL_ENABLE_DEBUG_INFO = NO;
				MTL_FAST_MATH = YES;
				SDKROOT = iphoneos;
				SWIFT_COMPILATION_MODE = wholemodule;
				SWIFT_OPTIMIZATION_LEVEL = "-O";
				VALIDATE_PRODUCT = YES;
			};
			name = Release;
		};
		62CD699027CDEC6C0040529A /* Debug */ = {
			isa = XCBuildConfiguration;
			buildSettings = {
				ASSETCATALOG_COMPILER_APPICON_NAME = AppIcon;
				ASSETCATALOG_COMPILER_GLOBAL_ACCENT_COLOR_NAME = AccentColor;
				CODE_SIGN_STYLE = Automatic;
				CURRENT_PROJECT_VERSION = 1;
				DEVELOPMENT_TEAM = 9ZLDSYFW5U;
				GENERATE_INFOPLIST_FILE = YES;
				INFOPLIST_FILE = ChatScreen/Info.plist;
				INFOPLIST_KEY_UIApplicationSupportsIndirectInputEvents = YES;
				INFOPLIST_KEY_UILaunchStoryboardName = LaunchScreen;
				INFOPLIST_KEY_UIMainStoryboardFile = Main;
				INFOPLIST_KEY_UISupportedInterfaceOrientations_iPad = "UIInterfaceOrientationPortrait UIInterfaceOrientationPortraitUpsideDown UIInterfaceOrientationLandscapeLeft UIInterfaceOrientationLandscapeRight";
				INFOPLIST_KEY_UISupportedInterfaceOrientations_iPhone = "UIInterfaceOrientationPortrait UIInterfaceOrientationLandscapeLeft UIInterfaceOrientationLandscapeRight";
				LD_RUNPATH_SEARCH_PATHS = (
					"$(inherited)",
					"@executable_path/Frameworks",
				);
				MARKETING_VERSION = 1.0;
				PRODUCT_BUNDLE_IDENTIFIER = com.telebu.ChatScreen;
				PRODUCT_NAME = "$(TARGET_NAME)";
				SWIFT_EMIT_LOC_STRINGS = YES;
				SWIFT_VERSION = 5.0;
				TARGETED_DEVICE_FAMILY = "1,2";
			};
			name = Debug;
		};
		62CD699127CDEC6C0040529A /* Release */ = {
			isa = XCBuildConfiguration;
			buildSettings = {
				ASSETCATALOG_COMPILER_APPICON_NAME = AppIcon;
				ASSETCATALOG_COMPILER_GLOBAL_ACCENT_COLOR_NAME = AccentColor;
				CODE_SIGN_STYLE = Automatic;
				CURRENT_PROJECT_VERSION = 1;
				DEVELOPMENT_TEAM = 9ZLDSYFW5U;
				GENERATE_INFOPLIST_FILE = YES;
				INFOPLIST_FILE = ChatScreen/Info.plist;
				INFOPLIST_KEY_UIApplicationSupportsIndirectInputEvents = YES;
				INFOPLIST_KEY_UILaunchStoryboardName = LaunchScreen;
				INFOPLIST_KEY_UIMainStoryboardFile = Main;
				INFOPLIST_KEY_UISupportedInterfaceOrientations_iPad = "UIInterfaceOrientationPortrait UIInterfaceOrientationPortraitUpsideDown UIInterfaceOrientationLandscapeLeft UIInterfaceOrientationLandscapeRight";
				INFOPLIST_KEY_UISupportedInterfaceOrientations_iPhone = "UIInterfaceOrientationPortrait UIInterfaceOrientationLandscapeLeft UIInterfaceOrientationLandscapeRight";
				LD_RUNPATH_SEARCH_PATHS = (
					"$(inherited)",
					"@executable_path/Frameworks",
				);
				MARKETING_VERSION = 1.0;
				PRODUCT_BUNDLE_IDENTIFIER = com.telebu.ChatScreen;
				PRODUCT_NAME = "$(TARGET_NAME)";
				SWIFT_EMIT_LOC_STRINGS = YES;
				SWIFT_VERSION = 5.0;
				TARGETED_DEVICE_FAMILY = "1,2";
			};
			name = Release;
		};
/* End XCBuildConfiguration section */

/* Begin XCConfigurationList section */
		62CD697627CDEC690040529A /* Build configuration list for PBXProject "ChatScreen" */ = {
			isa = XCConfigurationList;
			buildConfigurations = (
				62CD698D27CDEC6C0040529A /* Debug */,
				62CD698E27CDEC6C0040529A /* Release */,
			);
			defaultConfigurationIsVisible = 0;
			defaultConfigurationName = Release;
		};
		62CD698F27CDEC6C0040529A /* Build configuration list for PBXNativeTarget "ChatScreen" */ = {
			isa = XCConfigurationList;
			buildConfigurations = (
				62CD699027CDEC6C0040529A /* Debug */,
				62CD699127CDEC6C0040529A /* Release */,
			);
			defaultConfigurationIsVisible = 0;
			defaultConfigurationName = Release;
		};
/* End XCConfigurationList section */

/* Begin XCVersionGroup section */
		62CD699227CDEC8E0040529A /* ChatScreen.xcdatamodeld */ = {
			isa = XCVersionGroup;
			children = (
				62CD699327CDEC8E0040529A /* ChatScreen.xcdatamodel */,
			);
			currentVersion = 62CD699327CDEC8E0040529A /* ChatScreen.xcdatamodel */;
			path = ChatScreen.xcdatamodeld;
			sourceTree = "<group>";
			versionGroupType = wrapper.xcdatamodel;
		};
/* End XCVersionGroup section */
	};
	rootObject = 62CD697327CDEC690040529A /* Project object */;
}
